// !$*UTF8*$!
{
	archiveVersion = 1;
	classes = {
	};
	objectVersion = 46;
	objects = {

/* Begin PBXBuildFile section */
		23A750391DEE79E70029ABA7 /* YJAutoLayoutViewController.m in Sources */ = {isa = PBXBuildFile; fileRef = 23A750381DEE79E70029ABA7 /* YJAutoLayoutViewController.m */; };
		23A7503C1DEE79F90029ABA7 /* YJFrameViewController.m in Sources */ = {isa = PBXBuildFile; fileRef = 23A7503B1DEE79F90029ABA7 /* YJFrameViewController.m */; };
		23A750411DEE7B200029ABA7 /* YJAutoLayoutCell.m in Sources */ = {isa = PBXBuildFile; fileRef = 23A750401DEE7B200029ABA7 /* YJAutoLayoutCell.m */; };
		23A750441DEE7B2D0029ABA7 /* YJFrameCell.m in Sources */ = {isa = PBXBuildFile; fileRef = 23A750431DEE7B2D0029ABA7 /* YJFrameCell.m */; };
		23A7504E1DEE83970029ABA7 /* YJTableViewManager.m in Sources */ = {isa = PBXBuildFile; fileRef = 23A7504D1DEE83970029ABA7 /* YJTableViewManager.m */; };
		23A750511DEEA3B80029ABA7 /* UITableView+YJCellHeightCalculator.m in Sources */ = {isa = PBXBuildFile; fileRef = 23A750501DEEA3B80029ABA7 /* UITableView+YJCellHeightCalculator.m */; };
		23A750531DEEB4CC0029ABA7 /* YJFrameCell.xib in Resources */ = {isa = PBXBuildFile; fileRef = 23A750521DEEB4CC0029ABA7 /* YJFrameCell.xib */; };
		23A750561DEEC6EC0029ABA7 /* UITableView+YJIndexPathHeightCache.m in Sources */ = {isa = PBXBuildFile; fileRef = 23A750551DEEC6EC0029ABA7 /* UITableView+YJIndexPathHeightCache.m */; };
		23BDFC651F049CD800E1C58D /* data.json in Resources */ = {isa = PBXBuildFile; fileRef = 23BDFC601F049CD800E1C58D /* data.json */; };
		23BDFC661F049CD800E1C58D /* YJDataModel.m in Sources */ = {isa = PBXBuildFile; fileRef = 23BDFC621F049CD800E1C58D /* YJDataModel.m */; };
		23BDFC671F049CD800E1C58D /* YTBaseModel.m in Sources */ = {isa = PBXBuildFile; fileRef = 23BDFC641F049CD800E1C58D /* YTBaseModel.m */; };
		F101E7A51DE6CF6500D2BC6B /* main.m in Sources */ = {isa = PBXBuildFile; fileRef = F101E7A41DE6CF6500D2BC6B /* main.m */; };
		F101E7A81DE6CF6500D2BC6B /* AppDelegate.m in Sources */ = {isa = PBXBuildFile; fileRef = F101E7A71DE6CF6500D2BC6B /* AppDelegate.m */; };
		F101E7AE1DE6CF6500D2BC6B /* Main.storyboard in Resources */ = {isa = PBXBuildFile; fileRef = F101E7AC1DE6CF6500D2BC6B /* Main.storyboard */; };
		F101E7B01DE6CF6500D2BC6B /* Assets.xcassets in Resources */ = {isa = PBXBuildFile; fileRef = F101E7AF1DE6CF6500D2BC6B /* Assets.xcassets */; };
		F101E7B31DE6CF6500D2BC6B /* LaunchScreen.storyboard in Resources */ = {isa = PBXBuildFile; fileRef = F101E7B11DE6CF6500D2BC6B /* LaunchScreen.storyboard */; };
/* End PBXBuildFile section */

/* Begin PBXFileReference section */
		23A750371DEE79E70029ABA7 /* YJAutoLayoutViewController.h */ = {isa = PBXFileReference; fileEncoding = 4; lastKnownFileType = sourcecode.c.h; name = YJAutoLayoutViewController.h; path = ../YJAutoLayoutViewController.h; sourceTree = "<group>"; };
		23A750381DEE79E70029ABA7 /* YJAutoLayoutViewController.m */ = {isa = PBXFileReference; fileEncoding = 4; lastKnownFileType = sourcecode.c.objc; name = YJAutoLayoutViewController.m; path = ../YJAutoLayoutViewController.m; sourceTree = "<group>"; };
		23A7503A1DEE79F90029ABA7 /* YJFrameViewController.h */ = {isa = PBXFileReference; fileEncoding = 4; lastKnownFileType = sourcecode.c.h; name = YJFrameViewController.h; path = ../YJFrameViewController.h; sourceTree = "<group>"; };
		23A7503B1DEE79F90029ABA7 /* YJFrameViewController.m */ = {isa = PBXFileReference; fileEncoding = 4; lastKnownFileType = sourcecode.c.objc; name = YJFrameViewController.m; path = ../YJFrameViewController.m; sourceTree = "<group>"; };
		23A7503F1DEE7B200029ABA7 /* YJAutoLayoutCell.h */ = {isa = PBXFileReference; fileEncoding = 4; lastKnownFileType = sourcecode.c.h; path = YJAutoLayoutCell.h; sourceTree = "<group>"; };
		23A750401DEE7B200029ABA7 /* YJAutoLayoutCell.m */ = {isa = PBXFileReference; fileEncoding = 4; lastKnownFileType = sourcecode.c.objc; path = YJAutoLayoutCell.m; sourceTree = "<group>"; };
		23A750421DEE7B2D0029ABA7 /* YJFrameCell.h */ = {isa = PBXFileReference; fileEncoding = 4; lastKnownFileType = sourcecode.c.h; path = YJFrameCell.h; sourceTree = "<group>"; };
		23A750431DEE7B2D0029ABA7 /* YJFrameCell.m */ = {isa = PBXFileReference; fileEncoding = 4; lastKnownFileType = sourcecode.c.objc; path = YJFrameCell.m; sourceTree = "<group>"; };
		23A7504C1DEE83970029ABA7 /* YJTableViewManager.h */ = {isa = PBXFileReference; fileEncoding = 4; lastKnownFileType = sourcecode.c.h; path = YJTableViewManager.h; sourceTree = "<group>"; };
		23A7504D1DEE83970029ABA7 /* YJTableViewManager.m */ = {isa = PBXFileReference; fileEncoding = 4; lastKnownFileType = sourcecode.c.objc; path = YJTableViewManager.m; sourceTree = "<group>"; };
		23A7504F1DEEA3B80029ABA7 /* UITableView+YJCellHeightCalculator.h */ = {isa = PBXFileReference; fileEncoding = 4; lastKnownFileType = sourcecode.c.h; path = "UITableView+YJCellHeightCalculator.h"; sourceTree = "<group>"; };
		23A750501DEEA3B80029ABA7 /* UITableView+YJCellHeightCalculator.m */ = {isa = PBXFileReference; fileEncoding = 4; lastKnownFileType = sourcecode.c.objc; path = "UITableView+YJCellHeightCalculator.m"; sourceTree = "<group>"; };
		23A750521DEEB4CC0029ABA7 /* YJFrameCell.xib */ = {isa = PBXFileReference; fileEncoding = 4; lastKnownFileType = file.xib; path = YJFrameCell.xib; sourceTree = "<group>"; };
		23A750541DEEC6EC0029ABA7 /* UITableView+YJIndexPathHeightCache.h */ = {isa = PBXFileReference; fileEncoding = 4; lastKnownFileType = sourcecode.c.h; path = "UITableView+YJIndexPathHeightCache.h"; sourceTree = "<group>"; };
		23A750551DEEC6EC0029ABA7 /* UITableView+YJIndexPathHeightCache.m */ = {isa = PBXFileReference; fileEncoding = 4; lastKnownFileType = sourcecode.c.objc; path = "UITableView+YJIndexPathHeightCache.m"; sourceTree = "<group>"; };
		23BDFC601F049CD800E1C58D /* data.json */ = {isa = PBXFileReference; fileEncoding = 4; lastKnownFileType = text.json; path = data.json; sourceTree = "<group>"; };
		23BDFC611F049CD800E1C58D /* YJDataModel.h */ = {isa = PBXFileReference; fileEncoding = 4; lastKnownFileType = sourcecode.c.h; path = YJDataModel.h; sourceTree = "<group>"; };
		23BDFC621F049CD800E1C58D /* YJDataModel.m */ = {isa = PBXFileReference; fileEncoding = 4; lastKnownFileType = sourcecode.c.objc; path = YJDataModel.m; sourceTree = "<group>"; };
		23BDFC631F049CD800E1C58D /* YTBaseModel.h */ = {isa = PBXFileReference; fileEncoding = 4; lastKnownFileType = sourcecode.c.h; path = YTBaseModel.h; sourceTree = "<group>"; };
		23BDFC641F049CD800E1C58D /* YTBaseModel.m */ = {isa = PBXFileReference; fileEncoding = 4; lastKnownFileType = sourcecode.c.objc; path = YTBaseModel.m; sourceTree = "<group>"; };
		F101E7A01DE6CF6500D2BC6B /* CellHeightCalculatorDemo.app */ = {isa = PBXFileReference; explicitFileType = wrapper.application; includeInIndex = 0; path = CellHeightCalculatorDemo.app; sourceTree = BUILT_PRODUCTS_DIR; };
		F101E7A41DE6CF6500D2BC6B /* main.m */ = {isa = PBXFileReference; lastKnownFileType = sourcecode.c.objc; path = main.m; sourceTree = "<group>"; };
		F101E7A61DE6CF6500D2BC6B /* AppDelegate.h */ = {isa = PBXFileReference; lastKnownFileType = sourcecode.c.h; path = AppDelegate.h; sourceTree = "<group>"; };
		F101E7A71DE6CF6500D2BC6B /* AppDelegate.m */ = {isa = PBXFileReference; lastKnownFileType = sourcecode.c.objc; path = AppDelegate.m; sourceTree = "<group>"; };
		F101E7AD1DE6CF6500D2BC6B /* Base */ = {isa = PBXFileReference; lastKnownFileType = file.storyboard; name = Base; path = Base.lproj/Main.storyboard; sourceTree = "<group>"; };
		F101E7AF1DE6CF6500D2BC6B /* Assets.xcassets */ = {isa = PBXFileReference; lastKnownFileType = folder.assetcatalog; path = Assets.xcassets; sourceTree = "<group>"; };
		F101E7B21DE6CF6500D2BC6B /* Base */ = {isa = PBXFileReference; lastKnownFileType = file.storyboard; name = Base; path = Base.lproj/LaunchScreen.storyboard; sourceTree = "<group>"; };
		F101E7B41DE6CF6500D2BC6B /* Info.plist */ = {isa = PBXFileReference; lastKnownFileType = text.plist.xml; path = Info.plist; sourceTree = "<group>"; };
/* End PBXFileReference section */

/* Begin PBXFrameworksBuildPhase section */
		F101E79D1DE6CF6500D2BC6B /* Frameworks */ = {
			isa = PBXFrameworksBuildPhase;
			buildActionMask = 2147483647;
			files = (
			);
			runOnlyForDeploymentPostprocessing = 0;
		};
/* End PBXFrameworksBuildPhase section */

/* Begin PBXGroup section */
		23A7502B1DEE77470029ABA7 /* Classes */ = {
			isa = PBXGroup;
			children = (
				23A750541DEEC6EC0029ABA7 /* UITableView+YJIndexPathHeightCache.h */,
				23A750551DEEC6EC0029ABA7 /* UITableView+YJIndexPathHeightCache.m */,
				23A7504F1DEEA3B80029ABA7 /* UITableView+YJCellHeightCalculator.h */,
				23A750501DEEA3B80029ABA7 /* UITableView+YJCellHeightCalculator.m */,
			);
			path = Classes;
			sourceTree = "<group>";
		};
		23A7503D1DEE7AEC0029ABA7 /* AutoLayout */ = {
			isa = PBXGroup;
			children = (
				23A750371DEE79E70029ABA7 /* YJAutoLayoutViewController.h */,
				23A750381DEE79E70029ABA7 /* YJAutoLayoutViewController.m */,
				23A7503F1DEE7B200029ABA7 /* YJAutoLayoutCell.h */,
				23A750401DEE7B200029ABA7 /* YJAutoLayoutCell.m */,
			);
			path = AutoLayout;
			sourceTree = "<group>";
		};
		23A7503E1DEE7AF20029ABA7 /* Frame */ = {
			isa = PBXGroup;
			children = (
				23A7503A1DEE79F90029ABA7 /* YJFrameViewController.h */,
				23A7503B1DEE79F90029ABA7 /* YJFrameViewController.m */,
				23A750421DEE7B2D0029ABA7 /* YJFrameCell.h */,
				23A750431DEE7B2D0029ABA7 /* YJFrameCell.m */,
				23A750521DEEB4CC0029ABA7 /* YJFrameCell.xib */,
			);
			path = Frame;
			sourceTree = "<group>";
		};
		23BDFC5F1F049CD800E1C58D /* Data&Model */ = {
			isa = PBXGroup;
			children = (
				23BDFC601F049CD800E1C58D /* data.json */,
				23BDFC611F049CD800E1C58D /* YJDataModel.h */,
				23BDFC621F049CD800E1C58D /* YJDataModel.m */,
				23BDFC631F049CD800E1C58D /* YTBaseModel.h */,
				23BDFC641F049CD800E1C58D /* YTBaseModel.m */,
			);
			path = "Data&Model";
			sourceTree = "<group>";
		};
		F101E7971DE6CF6500D2BC6B = {
			isa = PBXGroup;
			children = (
				F101E7A21DE6CF6500D2BC6B /* CellHeightCalculatorDemo */,
				F101E7A11DE6CF6500D2BC6B /* Products */,
			);
			sourceTree = "<group>";
		};
		F101E7A11DE6CF6500D2BC6B /* Products */ = {
			isa = PBXGroup;
			children = (
				F101E7A01DE6CF6500D2BC6B /* CellHeightCalculatorDemo.app */,
			);
			name = Products;
			sourceTree = "<group>";
		};
		F101E7A21DE6CF6500D2BC6B /* CellHeightCalculatorDemo */ = {
			isa = PBXGroup;
			children = (
				23A7502B1DEE77470029ABA7 /* Classes */,
				F101E7A61DE6CF6500D2BC6B /* AppDelegate.h */,
				F101E7A71DE6CF6500D2BC6B /* AppDelegate.m */,
				23A7504C1DEE83970029ABA7 /* YJTableViewManager.h */,
				23A7504D1DEE83970029ABA7 /* YJTableViewManager.m */,
				23BDFC5F1F049CD800E1C58D /* Data&Model */,
				23A7503D1DEE7AEC0029ABA7 /* AutoLayout */,
				23A7503E1DEE7AF20029ABA7 /* Frame */,
				F101E7AC1DE6CF6500D2BC6B /* Main.storyboard */,
				F101E7AF1DE6CF6500D2BC6B /* Assets.xcassets */,
				F101E7B11DE6CF6500D2BC6B /* LaunchScreen.storyboard */,
				F101E7B41DE6CF6500D2BC6B /* Info.plist */,
				F101E7A31DE6CF6500D2BC6B /* Supporting Files */,
			);
			path = CellHeightCalculatorDemo;
			sourceTree = "<group>";
		};
		F101E7A31DE6CF6500D2BC6B /* Supporting Files */ = {
			isa = PBXGroup;
			children = (
				F101E7A41DE6CF6500D2BC6B /* main.m */,
			);
			name = "Supporting Files";
			sourceTree = "<group>";
		};
/* End PBXGroup section */

/* Begin PBXNativeTarget section */
		F101E79F1DE6CF6500D2BC6B /* CellHeightCalculatorDemo */ = {
			isa = PBXNativeTarget;
			buildConfigurationList = F101E7B71DE6CF6500D2BC6B /* Build configuration list for PBXNativeTarget "CellHeightCalculatorDemo" */;
			buildPhases = (
				F101E79C1DE6CF6500D2BC6B /* Sources */,
				F101E79D1DE6CF6500D2BC6B /* Frameworks */,
				F101E79E1DE6CF6500D2BC6B /* Resources */,
			);
			buildRules = (
			);
			dependencies = (
			);
			name = CellHeightCalculatorDemo;
			productName = CellHeightCalculatorDemo;
			productReference = F101E7A01DE6CF6500D2BC6B /* CellHeightCalculatorDemo.app */;
			productType = "com.apple.product-type.application";
		};
/* End PBXNativeTarget section */

/* Begin PBXProject section */
		F101E7981DE6CF6500D2BC6B /* Project object */ = {
			isa = PBXProject;
			attributes = {
				LastUpgradeCheck = 0730;
				ORGANIZATIONNAME = jJake.hu;
				TargetAttributes = {
					F101E79F1DE6CF6500D2BC6B = {
						CreatedOnToolsVersion = 7.3.1;
					};
				};
			};
			buildConfigurationList = F101E79B1DE6CF6500D2BC6B /* Build configuration list for PBXProject "CellHeightCalculatorDemo" */;
			compatibilityVersion = "Xcode 3.2";
			developmentRegion = English;
			hasScannedForEncodings = 0;
			knownRegions = (
				en,
				Base,
			);
			mainGroup = F101E7971DE6CF6500D2BC6B;
			productRefGroup = F101E7A11DE6CF6500D2BC6B /* Products */;
			projectDirPath = "";
			projectRoot = "";
			targets = (
				F101E79F1DE6CF6500D2BC6B /* CellHeightCalculatorDemo */,
			);
		};
/* End PBXProject section */

/* Begin PBXResourcesBuildPhase section */
		F101E79E1DE6CF6500D2BC6B /* Resources */ = {
			isa = PBXResourcesBuildPhase;
			buildActionMask = 2147483647;
			files = (
				F101E7B31DE6CF6500D2BC6B /* LaunchScreen.storyboard in Resources */,
				F101E7B01DE6CF6500D2BC6B /* Assets.xcassets in Resources */,
				F101E7AE1DE6CF6500D2BC6B /* Main.storyboard in Resources */,
				23BDFC651F049CD800E1C58D /* data.json in Resources */,
				23A750531DEEB4CC0029ABA7 /* YJFrameCell.xib in Resources */,
			);
			runOnlyForDeploymentPostprocessing = 0;
		};
/* End PBXResourcesBuildPhase section */

/* Begin PBXSourcesBuildPhase section */
		F101E79C1DE6CF6500D2BC6B /* Sources */ = {
			isa = PBXSourcesBuildPhase;
			buildActionMask = 2147483647;
			files = (
				23BDFC671F049CD800E1C58D /* YTBaseModel.m in Sources */,
				F101E7A81DE6CF6500D2BC6B /* AppDelegate.m in Sources */,
				23A750511DEEA3B80029ABA7 /* UITableView+YJCellHeightCalculator.m in Sources */,
				23A7503C1DEE79F90029ABA7 /* YJFrameViewController.m in Sources */,
				23A750391DEE79E70029ABA7 /* YJAutoLayoutViewController.m in Sources */,
				23BDFC661F049CD800E1C58D /* YJDataModel.m in Sources */,
				23A750411DEE7B200029ABA7 /* YJAutoLayoutCell.m in Sources */,
				23A7504E1DEE83970029ABA7 /* YJTableViewManager.m in Sources */,
				23A750561DEEC6EC0029ABA7 /* UITableView+YJIndexPathHeightCache.m in Sources */,
				23A750441DEE7B2D0029ABA7 /* YJFrameCell.m in Sources */,
				F101E7A51DE6CF6500D2BC6B /* main.m in Sources */,
			);
			runOnlyForDeploymentPostprocessing = 0;
		};
/* End PBXSourcesBuildPhase section */

/* Begin PBXVariantGroup section */
		F101E7AC1DE6CF6500D2BC6B /* Main.storyboard */ = {
			isa = PBXVariantGroup;
			children = (
				F101E7AD1DE6CF6500D2BC6B /* Base */,
			);
			name = Main.storyboard;
			sourceTree = "<group>";
		};
		F101E7B11DE6CF6500D2BC6B /* LaunchScreen.storyboard */ = {
			isa = PBXVariantGroup;
			children = (
				F101E7B21DE6CF6500D2BC6B /* Base */,
			);
			name = LaunchScreen.storyboard;
			sourceTree = "<group>";
		};
/* End PBXVariantGroup section */

/* Begin XCBuildConfiguration section */
		F101E7B51DE6CF6500D2BC6B /* Debug */ = {
			isa = XCBuildConfiguration;
			buildSettings = {
				ALWAYS_SEARCH_USER_PATHS = NO;
				CLANG_ANALYZER_NONNULL = YES;
				CLANG_CXX_LANGUAGE_STANDARD = "gnu++0x";
				CLANG_CXX_LIBRARY = "libc++";
				CLANG_ENABLE_MODULES = YES;
				CLANG_ENABLE_OBJC_ARC = YES;
				CLANG_WARN_BOOL_CONVERSION = YES;
				CLANG_WARN_CONSTANT_CONVERSION = YES;
				CLANG_WARN_DIRECT_OBJC_ISA_USAGE = YES_ERROR;
				CLANG_WARN_EMPTY_BODY = YES;
				CLANG_WARN_ENUM_CONVERSION = YES;
				CLANG_WARN_INT_CONVERSION = YES;
				CLANG_WARN_OBJC_ROOT_CLASS = YES_ERROR;
				CLANG_WARN_UNREACHABLE_CODE = YES;
				CLANG_WARN__DUPLICATE_METHOD_MATCH = YES;
				"CODE_SIGN_IDENTITY[sdk=iphoneos*]" = "iPhone Developer";
				COPY_PHASE_STRIP = NO;
				DEBUG_INFORMATION_FORMAT = dwarf;
				ENABLE_STRICT_OBJC_MSGSEND = YES;
				ENABLE_TESTABILITY = YES;
				GCC_C_LANGUAGE_STANDARD = gnu99;
				GCC_DYNAMIC_NO_PIC = NO;
				GCC_NO_COMMON_BLOCKS = YES;
				GCC_OPTIMIZATION_LEVEL = 0;
				GCC_PREPROCESSOR_DEFINITIONS = (
					"DEBUG=1",
					"$(inherited)",
				);
				GCC_WARN_64_TO_32_BIT_CONVERSION = YES;
				GCC_WARN_ABOUT_RETURN_TYPE = YES_ERROR;
				GCC_WARN_UNDECLARED_SELECTOR = YES;
				GCC_WARN_UNINITIALIZED_AUTOS = YES_AGGRESSIVE;
				GCC_WARN_UNUSED_FUNCTION = YES;
				GCC_WARN_UNUSED_VARIABLE = YES;
				IPHONEOS_DEPLOYMENT_TARGET = 9.3;
				MTL_ENABLE_DEBUG_INFO = YES;
				ONLY_ACTIVE_ARCH = YES;
				SDKROOT = iphoneos;
			};
			name = Debug;
		};
		F101E7B61DE6CF6500D2BC6B /* Release */ = {
			isa = XCBuildConfiguration;
			buildSettings = {
				ALWAYS_SEARCH_USER_PATHS = NO;
				CLANG_ANALYZER_NONNULL = YES;
				CLANG_CXX_LANGUAGE_STANDARD = "gnu++0x";
				CLANG_CXX_LIBRARY = "libc++";
				CLANG_ENABLE_MODULES = YES;
				CLANG_ENABLE_OBJC_ARC = YES;
				CLANG_WARN_BOOL_CONVERSION = YES;
				CLANG_WARN_CONSTANT_CONVERSION = YES;
				CLANG_WARN_DIRECT_OBJC_ISA_USAGE = YES_ERROR;
				CLANG_WARN_EMPTY_BODY = YES;
				CLANG_WARN_ENUM_CONVERSION = YES;
				CLANG_WARN_INT_CONVERSION = YES;
				CLANG_WARN_OBJC_ROOT_CLASS = YES_ERROR;
				CLANG_WARN_UNREACHABLE_CODE = YES;
				CLANG_WARN__DUPLICATE_METHOD_MATCH = YES;
				"CODE_SIGN_IDENTITY[sdk=iphoneos*]" = "iPhone Developer";
				COPY_PHASE_STRIP = NO;
				DEBUG_INFORMATION_FORMAT = "dwarf-with-dsym";
				ENABLE_NS_ASSERTIONS = NO;
				ENABLE_STRICT_OBJC_MSGSEND = YES;
				GCC_C_LANGUAGE_STANDARD = gnu99;
				GCC_NO_COMMON_BLOCKS = YES;
				GCC_WARN_64_TO_32_BIT_CONVERSION = YES;
				GCC_WARN_ABOUT_RETURN_TYPE = YES_ERROR;
				GCC_WARN_UNDECLARED_SELECTOR = YES;
				GCC_WARN_UNINITIALIZED_AUTOS = YES_AGGRESSIVE;
				GCC_WARN_UNUSED_FUNCTION = YES;
				GCC_WARN_UNUSED_VARIABLE = YES;
				IPHONEOS_DEPLOYMENT_TARGET = 9.3;
				MTL_ENABLE_DEBUG_INFO = NO;
				SDKROOT = iphoneos;
				VALIDATE_PRODUCT = YES;
			};
			name = Release;
		};
		F101E7B81DE6CF6500D2BC6B /* Debug */ = {
			isa = XCBuildConfiguration;
			buildSettings = {
				ASSETCATALOG_COMPILER_APPICON_NAME = AppIcon;
				INFOPLIST_FILE = CellHeightCalculatorDemo/Info.plist;
				LD_RUNPATH_SEARCH_PATHS = "$(inherited) @executable_path/Frameworks";
				PRODUCT_BUNDLE_IDENTIFIER = com.jake.CellHeightCalculatorDemo;
				PRODUCT_NAME = "$(TARGET_NAME)";
			};
			name = Debug;
		};
		F101E7B91DE6CF6500D2BC6B /* Release */ = {
			isa = XCBuildConfiguration;
			buildSettings = {
				ASSETCATALOG_COMPILER_APPICON_NAME = AppIcon;
				INFOPLIST_FILE = CellHeightCalculatorDemo/Info.plist;
				LD_RUNPATH_SEARCH_PATHS = "$(inherited) @executable_path/Frameworks";
				PRODUCT_BUNDLE_IDENTIFIER = com.jake.CellHeightCalculatorDemo;
				PRODUCT_NAME = "$(TARGET_NAME)";
			};
			name = Release;
		};
/* End XCBuildConfiguration section */

/* Begin XCConfigurationList section */
		F101E79B1DE6CF6500D2BC6B /* Build configuration list for PBXProject "CellHeightCalculatorDemo" */ = {
			isa = XCConfigurationList;
			buildConfigurations = (
				F101E7B51DE6CF6500D2BC6B /* Debug */,
				F101E7B61DE6CF6500D2BC6B /* Release */,
			);
			defaultConfigurationIsVisible = 0;
			defaultConfigurationName = Release;
		};
		F101E7B71DE6CF6500D2BC6B /* Build configuration list for PBXNativeTarget "CellHeightCalculatorDemo" */ = {
			isa = XCConfigurationList;
			buildConfigurations = (
				F101E7B81DE6CF6500D2BC6B /* Debug */,
				F101E7B91DE6CF6500D2BC6B /* Release */,
			);
			defaultConfigurationIsVisible = 0;
			defaultConfigurationName = Release;
		};
/* End XCConfigurationList section */
	};
	rootObject = F101E7981DE6CF6500D2BC6B /* Project object */;
}
